
Microsoft Visual Studio Solution File, Format Version 12.00
# Visual Studio Version 17
VisualStudioVersion = 17.8.34322.80
MinimumVisualStudioVersion = 10.0.40219.1
Project("{FAE04EC0-301F-11D3-BF4B-00C04F79EFBC}") = "StringsPrac", "StringsPrac\StringsPrac.csproj", "{B33F92AA-654C-484F-86CF-AD240FC71A0C}"
EndProject
Global
	GlobalSection(SolutionConfigurationPlatforms) = preSolution
		Debug|Any CPU = Debug|Any CPU
		Release|Any CPU = Release|Any CPU
	EndGlobalSection
	GlobalSection(ProjectConfigurationPlatforms) = postSolution
		{B33F92AA-654C-484F-86CF-AD240FC71A0C}.Debug|Any CPU.ActiveCfg = Debug|Any CPU
		{B33F92AA-654C-484F-86CF-AD240FC71A0C}.Debug|Any CPU.Build.0 = Debug|Any CPU
		{B33F92AA-654C-484F-86CF-AD240FC71A0C}.Release|Any CPU.ActiveCfg = Release|Any CPU
		{B33F92AA-654C-484F-86CF-AD240FC71A0C}.Release|Any CPU.Build.0 = Release|Any CPU
	EndGlobalSection
	GlobalSection(SolutionProperties) = preSolution
		HideSolutionNode = FALSE
	EndGlobalSection
	GlobalSection(ExtensibilityGlobals) = postSolution
		SolutionGuid = {0CA9C70C-1B3E-43D3-A8BB-94D953A87D04}
	EndGlobalSection
EndGlobal
